// !$*UTF8*$!
{
	archiveVersion = 1;
	classes = {
	};
	objectVersion = 46;
	objects = {

/* Begin PBXBuildFile section */
		621929151DE5733D00FEE259 /* ExactlyOnceBlock.h in Headers */ = {isa = PBXBuildFile; fileRef = 621929141DE5733D00FEE259 /* ExactlyOnceBlock.h */; };
		621929241DE5737900FEE259 /* ExactlyOnceBlockTests.mm in Sources */ = {isa = PBXBuildFile; fileRef = 621929231DE5737900FEE259 /* ExactlyOnceBlockTests.mm */; };
		621929261DE5737900FEE259 /* libExactlyOnceBlock.a in Frameworks */ = {isa = PBXBuildFile; fileRef = 621929111DE5733D00FEE259 /* libExactlyOnceBlock.a */; };
/* End PBXBuildFile section */

/* Begin PBXContainerItemProxy section */
		621929271DE5737900FEE259 /* PBXContainerItemProxy */ = {
			isa = PBXContainerItemProxy;
			containerPortal = 621929091DE5733D00FEE259 /* Project object */;
			proxyType = 1;
			remoteGlobalIDString = 621929101DE5733D00FEE259;
			remoteInfo = ExactlyOnceBlock;
		};
/* End PBXContainerItemProxy section */

/* Begin PBXFileReference section */
		621929111DE5733D00FEE259 /* libExactlyOnceBlock.a */ = {isa = PBXFileReference; explicitFileType = archive.ar; includeInIndex = 0; path = libExactlyOnceBlock.a; sourceTree = BUILT_PRODUCTS_DIR; };
		621929141DE5733D00FEE259 /* ExactlyOnceBlock.h */ = {isa = PBXFileReference; lastKnownFileType = sourcecode.c.h; path = ExactlyOnceBlock.h; sourceTree = "<group>"; };
		621929211DE5737900FEE259 /* ExactlyOnceBlockTests.xctest */ = {isa = PBXFileReference; explicitFileType = wrapper.cfbundle; includeInIndex = 0; path = ExactlyOnceBlockTests.xctest; sourceTree = BUILT_PRODUCTS_DIR; };
		621929231DE5737900FEE259 /* ExactlyOnceBlockTests.mm */ = {isa = PBXFileReference; lastKnownFileType = sourcecode.cpp.objcpp; path = ExactlyOnceBlockTests.mm; sourceTree = "<group>"; };
		621929251DE5737900FEE259 /* Info.plist */ = {isa = PBXFileReference; lastKnownFileType = text.plist.xml; path = Info.plist; sourceTree = "<group>"; };
/* End PBXFileReference section */

/* Begin PBXFrameworksBuildPhase section */
		6219290E1DE5733D00FEE259 /* Frameworks */ = {
			isa = PBXFrameworksBuildPhase;
			buildActionMask = 2147483647;
			files = (
			);
			runOnlyForDeploymentPostprocessing = 0;
		};
		6219291E1DE5737900FEE259 /* Frameworks */ = {
			isa = PBXFrameworksBuildPhase;
			buildActionMask = 2147483647;
			files = (
				621929261DE5737900FEE259 /* libExactlyOnceBlock.a in Frameworks */,
			);
			runOnlyForDeploymentPostprocessing = 0;
		};
/* End PBXFrameworksBuildPhase section */

/* Begin PBXGroup section */
		621929081DE5733D00FEE259 = {
			isa = PBXGroup;
			children = (
				621929131DE5733D00FEE259 /* ExactlyOnceBlock */,
				621929221DE5737900FEE259 /* ExactlyOnceBlockTests */,
				621929121DE5733D00FEE259 /* Products */,
			);
			sourceTree = "<group>";
		};
		621929121DE5733D00FEE259 /* Products */ = {
			isa = PBXGroup;
			children = (
				621929111DE5733D00FEE259 /* libExactlyOnceBlock.a */,
				621929211DE5737900FEE259 /* ExactlyOnceBlockTests.xctest */,
			);
			name = Products;
			sourceTree = "<group>";
		};
		621929131DE5733D00FEE259 /* ExactlyOnceBlock */ = {
			isa = PBXGroup;
			children = (
				621929141DE5733D00FEE259 /* ExactlyOnceBlock.h */,
			);
			path = ExactlyOnceBlock;
			sourceTree = "<group>";
		};
		621929221DE5737900FEE259 /* ExactlyOnceBlockTests */ = {
			isa = PBXGroup;
			children = (
				621929231DE5737900FEE259 /* ExactlyOnceBlockTests.mm */,
				621929251DE5737900FEE259 /* Info.plist */,
			);
			path = ExactlyOnceBlockTests;
			sourceTree = "<group>";
		};
/* End PBXGroup section */

/* Begin PBXHeadersBuildPhase section */
		6219290F1DE5733D00FEE259 /* Headers */ = {
			isa = PBXHeadersBuildPhase;
			buildActionMask = 2147483647;
			files = (
				621929151DE5733D00FEE259 /* ExactlyOnceBlock.h in Headers */,
			);
			runOnlyForDeploymentPostprocessing = 0;
		};
/* End PBXHeadersBuildPhase section */

/* Begin PBXNativeTarget section */
		621929101DE5733D00FEE259 /* ExactlyOnceBlock */ = {
			isa = PBXNativeTarget;
			buildConfigurationList = 6219291A1DE5733D00FEE259 /* Build configuration list for PBXNativeTarget "ExactlyOnceBlock" */;
			buildPhases = (
				6219290D1DE5733D00FEE259 /* Sources */,
				6219290E1DE5733D00FEE259 /* Frameworks */,
				6219290F1DE5733D00FEE259 /* Headers */,
			);
			buildRules = (
			);
			dependencies = (
			);
			name = ExactlyOnceBlock;
			productName = ExactlyOnceBlock;
			productReference = 621929111DE5733D00FEE259 /* libExactlyOnceBlock.a */;
			productType = "com.apple.product-type.library.static";
		};
		621929201DE5737900FEE259 /* ExactlyOnceBlockTests */ = {
			isa = PBXNativeTarget;
			buildConfigurationList = 621929291DE5737900FEE259 /* Build configuration list for PBXNativeTarget "ExactlyOnceBlockTests" */;
			buildPhases = (
				6219291D1DE5737900FEE259 /* Sources */,
				6219291E1DE5737900FEE259 /* Frameworks */,
				6219291F1DE5737900FEE259 /* Resources */,
			);
			buildRules = (
			);
			dependencies = (
				621929281DE5737900FEE259 /* PBXTargetDependency */,
			);
			name = ExactlyOnceBlockTests;
			productName = ExactlyOnceBlockTests;
			productReference = 621929211DE5737900FEE259 /* ExactlyOnceBlockTests.xctest */;
			productType = "com.apple.product-type.bundle.unit-test";
		};
/* End PBXNativeTarget section */

/* Begin PBXProject section */
		621929091DE5733D00FEE259 /* Project object */ = {
			isa = PBXProject;
			attributes = {
				LastUpgradeCheck = 0800;
				ORGANIZATIONNAME = "Yixiang Lu";
				TargetAttributes = {
					621929101DE5733D00FEE259 = {
						CreatedOnToolsVersion = 8.0;
						DevelopmentTeam = E86Y4U5HL5;
						ProvisioningStyle = Automatic;
					};
					621929201DE5737900FEE259 = {
						CreatedOnToolsVersion = 8.0;
						DevelopmentTeam = E86Y4U5HL5;
						ProvisioningStyle = Automatic;
					};
				};
			};
			buildConfigurationList = 6219290C1DE5733D00FEE259 /* Build configuration list for PBXProject "ExactlyOnceBlock" */;
			compatibilityVersion = "Xcode 3.2";
			developmentRegion = English;
			hasScannedForEncodings = 0;
			knownRegions = (
				en,
			);
			mainGroup = 621929081DE5733D00FEE259;
			productRefGroup = 621929121DE5733D00FEE259 /* Products */;
			projectDirPath = "";
			projectRoot = "";
			targets = (
				621929101DE5733D00FEE259 /* ExactlyOnceBlock */,
				621929201DE5737900FEE259 /* ExactlyOnceBlockTests */,
			);
		};
/* End PBXProject section */

/* Begin PBXResourcesBuildPhase section */
		6219291F1DE5737900FEE259 /* Resources */ = {
			isa = PBXResourcesBuildPhase;
			buildActionMask = 2147483647;
			files = (
			);
			runOnlyForDeploymentPostprocessing = 0;
		};
/* End PBXResourcesBuildPhase section */

/* Begin PBXSourcesBuildPhase section */
		6219290D1DE5733D00FEE259 /* Sources */ = {
			isa = PBXSourcesBuildPhase;
			buildActionMask = 2147483647;
			files = (
			);
			runOnlyForDeploymentPostprocessing = 0;
		};
		6219291D1DE5737900FEE259 /* Sources */ = {
			isa = PBXSourcesBuildPhase;
			buildActionMask = 2147483647;
			files = (
				621929241DE5737900FEE259 /* ExactlyOnceBlockTests.mm in Sources */,
			);
			runOnlyForDeploymentPostprocessing = 0;
		};
/* End PBXSourcesBuildPhase section */

/* Begin PBXTargetDependency section */
		621929281DE5737900FEE259 /* PBXTargetDependency */ = {
			isa = PBXTargetDependency;
			target = 621929101DE5733D00FEE259 /* ExactlyOnceBlock */;
			targetProxy = 621929271DE5737900FEE259 /* PBXContainerItemProxy */;
		};
/* End PBXTargetDependency section */

/* Begin XCBuildConfiguration section */
		621929181DE5733D00FEE259 /* Debug */ = {
			isa = XCBuildConfiguration;
			buildSettings = {
				ALWAYS_SEARCH_USER_PATHS = NO;
				CLANG_ANALYZER_NONNULL = YES;
				CLANG_CXX_LANGUAGE_STANDARD = "gnu++0x";
				CLANG_CXX_LIBRARY = "libc++";
				CLANG_ENABLE_MODULES = YES;
				CLANG_ENABLE_OBJC_ARC = YES;
				CLANG_WARN_BOOL_CONVERSION = YES;
				CLANG_WARN_CONSTANT_CONVERSION = YES;
				CLANG_WARN_DIRECT_OBJC_ISA_USAGE = YES_ERROR;
				CLANG_WARN_DOCUMENTATION_COMMENTS = YES;
				CLANG_WARN_EMPTY_BODY = YES;
				CLANG_WARN_ENUM_CONVERSION = YES;
				CLANG_WARN_INFINITE_RECURSION = YES;
				CLANG_WARN_INT_CONVERSION = YES;
				CLANG_WARN_OBJC_ROOT_CLASS = YES_ERROR;
				CLANG_WARN_SUSPICIOUS_MOVES = YES;
				CLANG_WARN_UNREACHABLE_CODE = YES;
				CLANG_WARN__DUPLICATE_METHOD_MATCH = YES;
				CODE_SIGN_IDENTITY = "-";
				COPY_PHASE_STRIP = NO;
				DEBUG_INFORMATION_FORMAT = dwarf;
				ENABLE_STRICT_OBJC_MSGSEND = YES;
				ENABLE_TESTABILITY = YES;
				GCC_C_LANGUAGE_STANDARD = gnu99;
				GCC_DYNAMIC_NO_PIC = NO;
				GCC_NO_COMMON_BLOCKS = YES;
				GCC_OPTIMIZATION_LEVEL = 0;
				GCC_PREPROCESSOR_DEFINITIONS = (
					"DEBUG=1",
					"$(inherited)",
				);
				GCC_WARN_64_TO_32_BIT_CONVERSION = YES;
				GCC_WARN_ABOUT_RETURN_TYPE = YES_ERROR;
				GCC_WARN_UNDECLARED_SELECTOR = YES;
				GCC_WARN_UNINITIALIZED_AUTOS = YES_AGGRESSIVE;
				GCC_WARN_UNUSED_FUNCTION = YES;
				GCC_WARN_UNUSED_VARIABLE = YES;
				MACOSX_DEPLOYMENT_TARGET = 10.12;
				MTL_ENABLE_DEBUG_INFO = YES;
				ONLY_ACTIVE_ARCH = YES;
				SDKROOT = macosx;
			};
			name = Debug;
		};
		621929191DE5733D00FEE259 /* Release */ = {
			isa = XCBuildConfiguration;
			buildSettings = {
				ALWAYS_SEARCH_USER_PATHS = NO;
				CLANG_ANALYZER_NONNULL = YES;
				CLANG_CXX_LANGUAGE_STANDARD = "gnu++0x";
				CLANG_CXX_LIBRARY = "libc++";
				CLANG_ENABLE_MODULES = YES;
				CLANG_ENABLE_OBJC_ARC = YES;
				CLANG_WARN_BOOL_CONVERSION = YES;
				CLANG_WARN_CONSTANT_CONVERSION = YES;
				CLANG_WARN_DIRECT_OBJC_ISA_USAGE = YES_ERROR;
				CLANG_WARN_DOCUMENTATION_COMMENTS = YES;
				CLANG_WARN_EMPTY_BODY = YES;
				CLANG_WARN_ENUM_CONVERSION = YES;
				CLANG_WARN_INFINITE_RECURSION = YES;
				CLANG_WARN_INT_CONVERSION = YES;
				CLANG_WARN_OBJC_ROOT_CLASS = YES_ERROR;
				CLANG_WARN_SUSPICIOUS_MOVES = YES;
				CLANG_WARN_UNREACHABLE_CODE = YES;
				CLANG_WARN__DUPLICATE_METHOD_MATCH = YES;
				CODE_SIGN_IDENTITY = "-";
				COPY_PHASE_STRIP = NO;
				DEBUG_INFORMATION_FORMAT = "dwarf-with-dsym";
				ENABLE_NS_ASSERTIONS = NO;
				ENABLE_STRICT_OBJC_MSGSEND = YES;
				GCC_C_LANGUAGE_STANDARD = gnu99;
				GCC_NO_COMMON_BLOCKS = YES;
				GCC_WARN_64_TO_32_BIT_CONVERSION = YES;
				GCC_WARN_ABOUT_RETURN_TYPE = YES_ERROR;
				GCC_WARN_UNDECLARED_SELECTOR = YES;
				GCC_WARN_UNINITIALIZED_AUTOS = YES_AGGRESSIVE;
				GCC_WARN_UNUSED_FUNCTION = YES;
				GCC_WARN_UNUSED_VARIABLE = YES;
				MACOSX_DEPLOYMENT_TARGET = 10.12;
				MTL_ENABLE_DEBUG_INFO = NO;
				SDKROOT = macosx;
			};
			name = Release;
		};
		6219291B1DE5733D00FEE259 /* Debug */ = {
			isa = XCBuildConfiguration;
			buildSettings = {
				DEVELOPMENT_TEAM = E86Y4U5HL5;
				EXECUTABLE_PREFIX = lib;
				PRODUCT_NAME = "$(TARGET_NAME)";
			};
			name = Debug;
		};
		6219291C1DE5733D00FEE259 /* Release */ = {
			isa = XCBuildConfiguration;
			buildSettings = {
				DEVELOPMENT_TEAM = E86Y4U5HL5;
				EXECUTABLE_PREFIX = lib;
				PRODUCT_NAME = "$(TARGET_NAME)";
			};
			name = Release;
		};
		6219292A1DE5737900FEE259 /* Debug */ = {
			isa = XCBuildConfiguration;
			buildSettings = {
				COMBINE_HIDPI_IMAGES = YES;
				DEVELOPMENT_TEAM = E86Y4U5HL5;
				INFOPLIST_FILE = ExactlyOnceBlockTests/Info.plist;
				LD_RUNPATH_SEARCH_PATHS = "$(inherited) @executable_path/../Frameworks @loader_path/../Frameworks";
				PRODUCT_BUNDLE_IDENTIFIER = me.luyx.ExactlyOnceBlockTests;
				PRODUCT_NAME = "$(TARGET_NAME)";
			};
			name = Debug;
		};
		6219292B1DE5737900FEE259 /* Release */ = {
			isa = XCBuildConfiguration;
			buildSettings = {
				COMBINE_HIDPI_IMAGES = YES;
				DEVELOPMENT_TEAM = E86Y4U5HL5;
				INFOPLIST_FILE = ExactlyOnceBlockTests/Info.plist;
				LD_RUNPATH_SEARCH_PATHS = "$(inherited) @executable_path/../Frameworks @loader_path/../Frameworks";
				PRODUCT_BUNDLE_IDENTIFIER = me.luyx.ExactlyOnceBlockTests;
				PRODUCT_NAME = "$(TARGET_NAME)";
			};
			name = Release;
		};
/* End XCBuildConfiguration section */

/* Begin XCConfigurationList section */
		6219290C1DE5733D00FEE259 /* Build configuration list for PBXProject "ExactlyOnceBlock" */ = {
			isa = XCConfigurationList;
			buildConfigurations = (
				621929181DE5733D00FEE259 /* Debug */,
				621929191DE5733D00FEE259 /* Release */,
			);
			defaultConfigurationIsVisible = 0;
			defaultConfigurationName = Release;
		};
		6219291A1DE5733D00FEE259 /* Build configuration list for PBXNativeTarget "ExactlyOnceBlock" */ = {
			isa = XCConfigurationList;
			buildConfigurations = (
				6219291B1DE5733D00FEE259 /* Debug */,
				6219291C1DE5733D00FEE259 /* Release */,
			);
			defaultConfigurationIsVisible = 0;
		};
		621929291DE5737900FEE259 /* Build configuration list for PBXNativeTarget "ExactlyOnceBlockTests" */ = {
			isa = XCConfigurationList;
			buildConfigurations = (
				6219292A1DE5737900FEE259 /* Debug */,
				6219292B1DE5737900FEE259 /* Release */,
			);
			defaultConfigurationIsVisible = 0;
		};
/* End XCConfigurationList section */
	};
	rootObject = 621929091DE5733D00FEE259 /* Project object */;
}
